PODS:
  - CircleProgressBar (0.32)
  - CTMediator (44)
  - HHTransition (3.0.2)
  - iOSDFULibrary (4.6.1):
    - ZIPFoundation (= 0.9.9)
  - Masonry (1.1.0)
  - MBProgressHUD (1.2.0)
  - MJRefresh (3.5.0)
  - MKBaseBleModule (1.0.4)
  - MKBaseModuleLibrary (1.1.0):
    - MKBaseModuleLibrary/Base (= 1.1.0)
    - MKBaseModuleLibrary/Category (= 1.1.0)
    - MKBaseModuleLibrary/Defines (= 1.1.0)
    - MKBaseModuleLibrary/Tools (= 1.1.0)
  - MKBaseModuleLibrary/Base (1.1.0):
    - MKBaseModuleLibrary/Base/Cell (= 1.1.0)
    - MKBaseModuleLibrary/Base/Controller (= 1.1.0)
    - MKBaseModuleLibrary/Base/NavigationController (= 1.1.0)
    - MKBaseModuleLibrary/Base/View (= 1.1.0)
  - MKBaseModuleLibrary/Base/Cell (1.1.0):
    - MKBaseModuleLibrary/Base/Cell/MKBaseCell (= 1.1.0)
  - MKBaseModuleLibrary/Base/Cell/MKBaseCell (1.1.0):
    - Masonry
    - MKBaseModuleLibrary/Defines
  - MKBaseModuleLibrary/Base/Controller (1.1.0):
    - MKBaseModuleLibrary/Base/View/WRNavigationBar
    - MKBaseModuleLibrary/Category
    - MKBaseModuleLibrary/Defines
  - MKBaseModuleLibrary/Base/NavigationController (1.1.0)
  - MKBaseModuleLibrary/Base/View (1.1.0):
    - MKBaseModuleLibrary/Base/View/CollectionView (= 1.1.0)
    - MKBaseModuleLibrary/Base/View/TableView (= 1.1.0)
    - MKBaseModuleLibrary/Base/View/WRNavigationBar (= 1.1.0)
  - MKBaseModuleLibrary/Base/View/CollectionView (1.1.0)
  - MKBaseModuleLibrary/Base/View/TableView (1.1.0)
  - MKBaseModuleLibrary/Base/View/WRNavigationBar (1.1.0):
    - MKBaseModuleLibrary/Defines
  - MKBaseModuleLibrary/Category (1.1.0):
    - MKBaseModuleLibrary/Defines
    - MKBaseModuleLibrary/Tools/MKClassInfo
    - Toast
  - MKBaseModuleLibrary/Defines (1.1.0)
  - MKBaseModuleLibrary/Tools (1.1.0):
    - MKBaseModuleLibrary/Tools/MKClassInfo (= 1.1.0)
    - MKBaseModuleLibrary/Tools/MKDateFormatter (= 1.1.0)
    - MKBaseModuleLibrary/Tools/MKModuleManager (= 1.1.0)
  - MKBaseModuleLibrary/Tools/MKClassInfo (1.1.0)
  - MKBaseModuleLibrary/Tools/MKDateFormatter (1.1.0)
  - MKBaseModuleLibrary/Tools/MKModuleManager (1.1.0)
  - MKBeaconXPlus (0.0.1):
    - CTMediator
    - MKBeaconXPlus/ApplicationModule (= 0.0.1)
    - MKBeaconXPlus/ConnectManager (= 0.0.1)
    - MKBeaconXPlus/CTMediator (= 0.0.1)
    - MKBeaconXPlus/Expand (= 0.0.1)
    - MKBeaconXPlus/Functions (= 0.0.1)
    - MKBeaconXPlus/SDK-BXP (= 0.0.1)
    - MKBeaconXPlus/Target (= 0.0.1)
  - MKBeaconXPlus/ApplicationModule (0.0.1):
    - CTMediator
    - MKBaseModuleLibrary
  - MKBeaconXPlus/ConnectManager (0.0.1):
    - CTMediator
    - MKBaseModuleLibrary
    - MKBeaconXPlus/SDK-BXP
  - MKBeaconXPlus/CTMediator (0.0.1):
    - CTMediator
  - MKBeaconXPlus/Expand (0.0.1):
    - CTMediator
    - MKBaseModuleLibrary
    - MKBeaconXPlus/Expand/Adopter (= 0.0.1)
    - MKBeaconXPlus/Expand/Defines (= 0.0.1)
  - MKBeaconXPlus/Expand/Adopter (0.0.1):
    - CTMediator
    - MKBaseModuleLibrary
    - MKBeaconXPlus/Expand/Defines
  - MKBeaconXPlus/Expand/Defines (0.0.1):
    - CTMediator
    - MKBaseModuleLibrary
  - MKBeaconXPlus/Functions (0.0.1):
    - CTMediator
    - HHTransition
    - iOSDFULibrary (= 4.6.1)
    - MKBaseModuleLibrary
    - MKBeaconXPlus/ConnectManager
    - MKBeaconXPlus/CTMediator
    - MKBeaconXPlus/Expand
    - MKBeaconXPlus/Functions/AccelerationPage (= 0.0.1)
    - MKBeaconXPlus/Functions/DeviceInfoPage (= 0.0.1)
    - MKBeaconXPlus/Functions/ExportDataPage (= 0.0.1)
    - MKBeaconXPlus/Functions/HTConfigPage (= 0.0.1)
    - MKBeaconXPlus/Functions/ScanPage (= 0.0.1)
    - MKBeaconXPlus/Functions/SettingPage (= 0.0.1)
    - MKBeaconXPlus/Functions/SlotConfigPage (= 0.0.1)
    - MKBeaconXPlus/Functions/SlotPage (= 0.0.1)
    - MKBeaconXPlus/Functions/TabBarPage (= 0.0.1)
    - MKBeaconXPlus/Functions/UpdatePage (= 0.0.1)
    - MKBeaconXPlus/SDK-BXP
    - MKCustomUIModule
    - MLInputDodger
  - MKBeaconXPlus/Functions/AccelerationPage (0.0.1):
    - CTMediator
    - HHTransition
    - iOSDFULibrary (= 4.6.1)
    - MKBaseModuleLibrary
    - MKBeaconXPlus/ConnectManager
    - MKBeaconXPlus/CTMediator
    - MKBeaconXPlus/Expand
    - MKBeaconXPlus/Functions/AccelerationPage/Controller (= 0.0.1)
    - MKBeaconXPlus/Functions/AccelerationPage/Model (= 0.0.1)
    - MKBeaconXPlus/Functions/AccelerationPage/View (= 0.0.1)
    - MKBeaconXPlus/SDK-BXP
    - MKCustomUIModule
    - MLInputDodger
  - MKBeaconXPlus/Functions/AccelerationPage/Controller (0.0.1):
    - CTMediator
    - HHTransition
    - iOSDFULibrary (= 4.6.1)
    - MKBaseModuleLibrary
    - MKBeaconXPlus/ConnectManager
    - MKBeaconXPlus/CTMediator
    - MKBeaconXPlus/Expand
    - MKBeaconXPlus/Functions/AccelerationPage/Model
    - MKBeaconXPlus/Functions/AccelerationPage/View
    - MKBeaconXPlus/SDK-BXP
    - MKCustomUIModule
    - MLInputDodger
  - MKBeaconXPlus/Functions/AccelerationPage/Model (0.0.1):
    - CTMediator
    - HHTransition
    - iOSDFULibrary (= 4.6.1)
    - MKBaseModuleLibrary
    - MKBeaconXPlus/ConnectManager
    - MKBeaconXPlus/CTMediator
    - MKBeaconXPlus/Expand
    - MKBeaconXPlus/SDK-BXP
    - MKCustomUIModule
    - MLInputDodger
  - MKBeaconXPlus/Functions/AccelerationPage/View (0.0.1):
    - CTMediator
    - HHTransition
    - iOSDFULibrary (= 4.6.1)
    - MKBaseModuleLibrary
    - MKBeaconXPlus/ConnectManager
    - MKBeaconXPlus/CTMediator
    - MKBeaconXPlus/Expand
    - MKBeaconXPlus/SDK-BXP
    - MKCustomUIModule
    - MLInputDodger
  - MKBeaconXPlus/Functions/DeviceInfoPage (0.0.1):
    - CTMediator
    - HHTransition
    - iOSDFULibrary (= 4.6.1)
    - MKBaseModuleLibrary
    - MKBeaconXPlus/ConnectManager
    - MKBeaconXPlus/CTMediator
    - MKBeaconXPlus/Expand
    - MKBeaconXPlus/Functions/DeviceInfoPage/Controller (= 0.0.1)
    - MKBeaconXPlus/Functions/DeviceInfoPage/Model (= 0.0.1)
    - MKBeaconXPlus/SDK-BXP
    - MKCustomUIModule
    - MLInputDodger
  - MKBeaconXPlus/Functions/DeviceInfoPage/Controller (0.0.1):
    - CTMediator
    - HHTransition
    - iOSDFULibrary (= 4.6.1)
    - MKBaseModuleLibrary
    - MKBeaconXPlus/ConnectManager
    - MKBeaconXPlus/CTMediator
    - MKBeaconXPlus/Expand
    - MKBeaconXPlus/Functions/DeviceInfoPage/Model
    - MKBeaconXPlus/SDK-BXP
    - MKCustomUIModule
    - MLInputDodger
  - MKBeaconXPlus/Functions/DeviceInfoPage/Model (0.0.1):
    - CTMediator
    - HHTransition
    - iOSDFULibrary (= 4.6.1)
    - MKBaseModuleLibrary
    - MKBeaconXPlus/ConnectManager
    - MKBeaconXPlus/CTMediator
    - MKBeaconXPlus/Expand
    - MKBeaconXPlus/SDK-BXP
    - MKCustomUIModule
    - MLInputDodger
  - MKBeaconXPlus/Functions/ExportDataPage (0.0.1):
    - CTMediator
    - HHTransition
    - iOSDFULibrary (= 4.6.1)
    - MKBaseModuleLibrary
    - MKBeaconXPlus/ConnectManager
    - MKBeaconXPlus/CTMediator
    - MKBeaconXPlus/Expand
    - MKBeaconXPlus/Functions/ExportDataPage/Controller (= 0.0.1)
    - MKBeaconXPlus/Functions/ExportDataPage/View (= 0.0.1)
    - MKBeaconXPlus/SDK-BXP
    - MKCustomUIModule
    - MLInputDodger
  - MKBeaconXPlus/Functions/ExportDataPage/Controller (0.0.1):
    - CTMediator
    - HHTransition
    - iOSDFULibrary (= 4.6.1)
    - MKBaseModuleLibrary
    - MKBeaconXPlus/ConnectManager
    - MKBeaconXPlus/CTMediator
    - MKBeaconXPlus/Expand
    - MKBeaconXPlus/Functions/ExportDataPage/View
    - MKBeaconXPlus/SDK-BXP
    - MKCustomUIModule
    - MLInputDodger
  - MKBeaconXPlus/Functions/ExportDataPage/View (0.0.1):
    - CTMediator
    - HHTransition
    - iOSDFULibrary (= 4.6.1)
    - MKBaseModuleLibrary
    - MKBeaconXPlus/ConnectManager
    - MKBeaconXPlus/CTMediator
    - MKBeaconXPlus/Expand
    - MKBeaconXPlus/SDK-BXP
    - MKCustomUIModule
    - MLInputDodger
  - MKBeaconXPlus/Functions/HTConfigPage (0.0.1):
    - CTMediator
    - HHTransition
    - iOSDFULibrary (= 4.6.1)
    - MKBaseModuleLibrary
    - MKBeaconXPlus/ConnectManager
    - MKBeaconXPlus/CTMediator
    - MKBeaconXPlus/Expand
    - MKBeaconXPlus/Functions/HTConfigPage/Controller (= 0.0.1)
    - MKBeaconXPlus/Functions/HTConfigPage/Model (= 0.0.1)
    - MKBeaconXPlus/Functions/HTConfigPage/StorageTriggerViews (= 0.0.1)
    - MKBeaconXPlus/Functions/HTConfigPage/View (= 0.0.1)
    - MKBeaconXPlus/SDK-BXP
    - MKCustomUIModule
    - MLInputDodger
  - MKBeaconXPlus/Functions/HTConfigPage/Controller (0.0.1):
    - CTMediator
    - HHTransition
    - iOSDFULibrary (= 4.6.1)
    - MKBaseModuleLibrary
    - MKBeaconXPlus/ConnectManager
    - MKBeaconXPlus/CTMediator
    - MKBeaconXPlus/Expand
    - MKBeaconXPlus/Functions/ExportDataPage/Controller
    - MKBeaconXPlus/Functions/HTConfigPage/Model
    - MKBeaconXPlus/Functions/HTConfigPage/View
    - MKBeaconXPlus/SDK-BXP
    - MKCustomUIModule
    - MLInputDodger
  - MKBeaconXPlus/Functions/HTConfigPage/Model (0.0.1):
    - CTMediator
    - HHTransition
    - iOSDFULibrary (= 4.6.1)
    - MKBaseModuleLibrary
    - MKBeaconXPlus/ConnectManager
    - MKBeaconXPlus/CTMediator
    - MKBeaconXPlus/Expand
    - MKBeaconXPlus/SDK-BXP
    - MKCustomUIModule
    - MLInputDodger
  - MKBeaconXPlus/Functions/HTConfigPage/StorageTriggerViews (0.0.1):
    - CTMediator
    - HHTransition
    - iOSDFULibrary (= 4.6.1)
    - MKBaseModuleLibrary
    - MKBeaconXPlus/ConnectManager
    - MKBeaconXPlus/CTMediator
    - MKBeaconXPlus/Expand
    - MKBeaconXPlus/SDK-BXP
    - MKCustomUIModule
    - MLInputDodger
  - MKBeaconXPlus/Functions/HTConfigPage/View (0.0.1):
    - CTMediator
    - HHTransition
    - iOSDFULibrary (= 4.6.1)
    - MKBaseModuleLibrary
    - MKBeaconXPlus/ConnectManager
    - MKBeaconXPlus/CTMediator
    - MKBeaconXPlus/Expand
    - MKBeaconXPlus/Functions/HTConfigPage/StorageTriggerViews
    - MKBeaconXPlus/SDK-BXP
    - MKCustomUIModule
    - MLInputDodger
  - MKBeaconXPlus/Functions/ScanPage (0.0.1):
    - CTMediator
    - HHTransition
    - iOSDFULibrary (= 4.6.1)
    - MKBaseModuleLibrary
    - MKBeaconXPlus/ConnectManager
    - MKBeaconXPlus/CTMediator
    - MKBeaconXPlus/Expand
    - MKBeaconXPlus/Functions/ScanPage/Controller (= 0.0.1)
    - MKBeaconXPlus/Functions/ScanPage/Model (= 0.0.1)
    - MKBeaconXPlus/Functions/ScanPage/View (= 0.0.1)
    - MKBeaconXPlus/SDK-BXP
    - MKCustomUIModule
    - MLInputDodger
  - MKBeaconXPlus/Functions/ScanPage/Controller (0.0.1):
    - CTMediator
    - HHTransition
    - iOSDFULibrary (= 4.6.1)
    - MKBaseModuleLibrary
    - MKBeaconXPlus/ConnectManager
    - MKBeaconXPlus/CTMediator
    - MKBeaconXPlus/Expand
    - MKBeaconXPlus/Functions/ScanPage/Model
    - MKBeaconXPlus/Functions/ScanPage/View
    - MKBeaconXPlus/Functions/TabBarPage/Controller
    - MKBeaconXPlus/SDK-BXP
    - MKCustomUIModule
    - MLInputDodger
  - MKBeaconXPlus/Functions/ScanPage/Model (0.0.1):
    - CTMediator
    - HHTransition
    - iOSDFULibrary (= 4.6.1)
    - MKBaseModuleLibrary
    - MKBeaconXPlus/ConnectManager
    - MKBeaconXPlus/CTMediator
    - MKBeaconXPlus/Expand
    - MKBeaconXPlus/SDK-BXP
    - MKCustomUIModule
    - MLInputDodger
  - MKBeaconXPlus/Functions/ScanPage/View (0.0.1):
    - CTMediator
    - HHTransition
    - iOSDFULibrary (= 4.6.1)
    - MKBaseModuleLibrary
    - MKBeaconXPlus/ConnectManager
    - MKBeaconXPlus/CTMediator
    - MKBeaconXPlus/Expand
    - MKBeaconXPlus/SDK-BXP
    - MKCustomUIModule
    - MLInputDodger
  - MKBeaconXPlus/Functions/SettingPage (0.0.1):
    - CTMediator
    - HHTransition
    - iOSDFULibrary (= 4.6.1)
    - MKBaseModuleLibrary
    - MKBeaconXPlus/ConnectManager
    - MKBeaconXPlus/CTMediator
    - MKBeaconXPlus/Expand
    - MKBeaconXPlus/Functions/SettingPage/Controller (= 0.0.1)
    - MKBeaconXPlus/Functions/SettingPage/Model (= 0.0.1)
    - MKBeaconXPlus/SDK-BXP
    - MKCustomUIModule
    - MLInputDodger
  - MKBeaconXPlus/Functions/SettingPage/Controller (0.0.1):
    - CTMediator
    - HHTransition
    - iOSDFULibrary (= 4.6.1)
    - MKBaseModuleLibrary
    - MKBeaconXPlus/ConnectManager
    - MKBeaconXPlus/CTMediator
    - MKBeaconXPlus/Expand
    - MKBeaconXPlus/Functions/AccelerationPage/Controller
    - MKBeaconXPlus/Functions/HTConfigPage/Controller
    - MKBeaconXPlus/Functions/SettingPage/Model
    - MKBeaconXPlus/Functions/UpdatePage/Controller
    - MKBeaconXPlus/SDK-BXP
    - MKCustomUIModule
    - MLInputDodger
  - MKBeaconXPlus/Functions/SettingPage/Model (0.0.1):
    - CTMediator
    - HHTransition
    - iOSDFULibrary (= 4.6.1)
    - MKBaseModuleLibrary
    - MKBeaconXPlus/ConnectManager
    - MKBeaconXPlus/CTMediator
    - MKBeaconXPlus/Expand
    - MKBeaconXPlus/SDK-BXP
    - MKCustomUIModule
    - MLInputDodger
  - MKBeaconXPlus/Functions/SlotConfigPage (0.0.1):
    - CTMediator
    - HHTransition
    - iOSDFULibrary (= 4.6.1)
    - MKBaseModuleLibrary
    - MKBeaconXPlus/ConnectManager
    - MKBeaconXPlus/CTMediator
    - MKBeaconXPlus/Expand
    - MKBeaconXPlus/Functions/SlotConfigPage/Controller (= 0.0.1)
    - MKBeaconXPlus/Functions/SlotConfigPage/Model (= 0.0.1)
    - MKBeaconXPlus/Functions/SlotConfigPage/TriggerView (= 0.0.1)
    - MKBeaconXPlus/Functions/SlotConfigPage/View (= 0.0.1)
    - MKBeaconXPlus/SDK-BXP
    - MKCustomUIModule
    - MLInputDodger
  - MKBeaconXPlus/Functions/SlotConfigPage/Controller (0.0.1):
    - CTMediator
    - HHTransition
    - iOSDFULibrary (= 4.6.1)
    - MKBaseModuleLibrary
    - MKBeaconXPlus/ConnectManager
    - MKBeaconXPlus/CTMediator
    - MKBeaconXPlus/Expand
    - MKBeaconXPlus/Functions/SlotConfigPage/Model
    - MKBeaconXPlus/Functions/SlotConfigPage/View
    - MKBeaconXPlus/SDK-BXP
    - MKCustomUIModule
    - MLInputDodger
  - MKBeaconXPlus/Functions/SlotConfigPage/Model (0.0.1):
    - CTMediator
    - HHTransition
    - iOSDFULibrary (= 4.6.1)
    - MKBaseModuleLibrary
    - MKBeaconXPlus/ConnectManager
    - MKBeaconXPlus/CTMediator
    - MKBeaconXPlus/Expand
    - MKBeaconXPlus/SDK-BXP
    - MKCustomUIModule
    - MLInputDodger
  - MKBeaconXPlus/Functions/SlotConfigPage/TriggerView (0.0.1):
    - CTMediator
    - HHTransition
    - iOSDFULibrary (= 4.6.1)
    - MKBaseModuleLibrary
    - MKBeaconXPlus/ConnectManager
    - MKBeaconXPlus/CTMediator
    - MKBeaconXPlus/Expand
    - MKBeaconXPlus/SDK-BXP
    - MKCustomUIModule
    - MLInputDodger
  - MKBeaconXPlus/Functions/SlotConfigPage/View (0.0.1):
    - CTMediator
    - HHTransition
    - iOSDFULibrary (= 4.6.1)
    - MKBaseModuleLibrary
    - MKBeaconXPlus/ConnectManager
    - MKBeaconXPlus/CTMediator
    - MKBeaconXPlus/Expand
    - MKBeaconXPlus/Functions/SlotConfigPage/TriggerView
    - MKBeaconXPlus/SDK-BXP
    - MKCustomUIModule
    - MLInputDodger
  - MKBeaconXPlus/Functions/SlotPage (0.0.1):
    - CTMediator
    - HHTransition
    - iOSDFULibrary (= 4.6.1)
    - MKBaseModuleLibrary
    - MKBeaconXPlus/ConnectManager
    - MKBeaconXPlus/CTMediator
    - MKBeaconXPlus/Expand
    - MKBeaconXPlus/Functions/SlotPage/Controller (= 0.0.1)
    - MKBeaconXPlus/Functions/SlotPage/Model (= 0.0.1)
    - MKBeaconXPlus/SDK-BXP
    - MKCustomUIModule
    - MLInputDodger
  - MKBeaconXPlus/Functions/SlotPage/Controller (0.0.1):
    - CTMediator
    - HHTransition
    - iOSDFULibrary (= 4.6.1)
    - MKBaseModuleLibrary
    - MKBeaconXPlus/ConnectManager
    - MKBeaconXPlus/CTMediator
    - MKBeaconXPlus/Expand
    - MKBeaconXPlus/Functions/SlotConfigPage/Controller
    - MKBeaconXPlus/Functions/SlotPage/Model
    - MKBeaconXPlus/SDK-BXP
    - MKCustomUIModule
    - MLInputDodger
  - MKBeaconXPlus/Functions/SlotPage/Model (0.0.1):
    - CTMediator
    - HHTransition
    - iOSDFULibrary (= 4.6.1)
    - MKBaseModuleLibrary
    - MKBeaconXPlus/ConnectManager
    - MKBeaconXPlus/CTMediator
    - MKBeaconXPlus/Expand
    - MKBeaconXPlus/SDK-BXP
    - MKCustomUIModule
    - MLInputDodger
  - MKBeaconXPlus/Functions/TabBarPage (0.0.1):
    - CTMediator
    - HHTransition
    - iOSDFULibrary (= 4.6.1)
    - MKBaseModuleLibrary
    - MKBeaconXPlus/ConnectManager
    - MKBeaconXPlus/CTMediator
    - MKBeaconXPlus/Expand
    - MKBeaconXPlus/Functions/TabBarPage/Controller (= 0.0.1)
    - MKBeaconXPlus/SDK-BXP
    - MKCustomUIModule
    - MLInputDodger
  - MKBeaconXPlus/Functions/TabBarPage/Controller (0.0.1):
    - CTMediator
    - HHTransition
    - iOSDFULibrary (= 4.6.1)
    - MKBaseModuleLibrary
    - MKBeaconXPlus/ConnectManager
    - MKBeaconXPlus/CTMediator
    - MKBeaconXPlus/Expand
    - MKBeaconXPlus/Functions/DeviceInfoPage/Controller
    - MKBeaconXPlus/Functions/SettingPage/Controller
    - MKBeaconXPlus/Functions/SlotPage/Controller
    - MKBeaconXPlus/SDK-BXP
    - MKCustomUIModule
    - MLInputDodger
  - MKBeaconXPlus/Functions/UpdatePage (0.0.1):
    - CTMediator
    - HHTransition
    - iOSDFULibrary (= 4.6.1)
    - MKBaseModuleLibrary
    - MKBeaconXPlus/ConnectManager
    - MKBeaconXPlus/CTMediator
    - MKBeaconXPlus/Expand
    - MKBeaconXPlus/Functions/UpdatePage/Controller (= 0.0.1)
    - MKBeaconXPlus/Functions/UpdatePage/Model (= 0.0.1)
    - MKBeaconXPlus/SDK-BXP
    - MKCustomUIModule
    - MLInputDodger
  - MKBeaconXPlus/Functions/UpdatePage/Controller (0.0.1):
    - CTMediator
    - HHTransition
    - iOSDFULibrary (= 4.6.1)
    - MKBaseModuleLibrary
    - MKBeaconXPlus/ConnectManager
    - MKBeaconXPlus/CTMediator
    - MKBeaconXPlus/Expand
    - MKBeaconXPlus/Functions/UpdatePage/Model
    - MKBeaconXPlus/SDK-BXP
    - MKCustomUIModule
    - MLInputDodger
  - MKBeaconXPlus/Functions/UpdatePage/Model (0.0.1):
    - CTMediator
    - HHTransition
    - iOSDFULibrary (= 4.6.1)
    - MKBaseModuleLibrary
    - MKBeaconXPlus/ConnectManager
    - MKBeaconXPlus/CTMediator
    - MKBeaconXPlus/Expand
    - MKBeaconXPlus/SDK-BXP
    - MKCustomUIModule
    - MLInputDodger
  - MKBeaconXPlus/SDK-BXP (0.0.1):
    - CTMediator
    - MKBaseBleModule
  - MKBeaconXPlus/Target (0.0.1):
    - CTMediator
    - MKBeaconXPlus/Functions
  - MKCustomUIModule (1.1.1):
    - CircleProgressBar
    - Masonry
    - MBProgressHUD
    - MJRefresh
    - MKBaseModuleLibrary
    - MKCustomUIModule/Cell (= 1.1.1)
    - MKCustomUIModule/Controller (= 1.1.1)
    - MKCustomUIModule/UIAdopter (= 1.1.1)
    - MKCustomUIModule/View (= 1.1.1)
  - MKCustomUIModule/Cell (1.1.1):
    - CircleProgressBar
    - Masonry
    - MBProgressHUD
    - MJRefresh
    - MKBaseModuleLibrary
    - MKCustomUIModule/Cell/LoRaCell (= 1.1.1)
    - MKCustomUIModule/Cell/NormalCell (= 1.1.1)
  - MKCustomUIModule/Cell/LoRaCell (1.1.1):
    - CircleProgressBar
    - Masonry
    - MBProgressHUD
    - MJRefresh
    - MKBaseModuleLibrary
    - MKCustomUIModule/Cell/LoRaCell/MKAdvancedSettingCell (= 1.1.1)
    - MKCustomUIModule/Cell/LoRaCell/MKFilterDataCell (= 1.1.1)
    - MKCustomUIModule/Cell/LoRaCell/MKFilterRawAdvDataCell (= 1.1.1)
    - MKCustomUIModule/Cell/LoRaCell/MKLoraDeviceTypeCell (= 1.1.1)
    - MKCustomUIModule/Cell/LoRaCell/MKLoRaSettingCHCell (= 1.1.1)
    - MKCustomUIModule/Cell/LoRaCell/MKMeasureTxPowerCell (= 1.1.1)
    - MKCustomUIModule/Cell/LoRaCell/MKMixedChoiceCell (= 1.1.1)
    - MKCustomUIModule/Cell/LoRaCell/MKRawAdvDataOperationCell (= 1.1.1)
  - MKCustomUIModule/Cell/LoRaCell/MKAdvancedSettingCell (1.1.1):
    - CircleProgressBar
    - Masonry
    - MBProgressHUD
    - MJRefresh
    - MKBaseModuleLibrary
  - MKCustomUIModule/Cell/LoRaCell/MKFilterDataCell (1.1.1):
    - CircleProgressBar
    - Masonry
    - MBProgressHUD
    - MJRefresh
    - MKBaseModuleLibrary
    - MKCustomUIModule/View/MKTextField
  - MKCustomUIModule/Cell/LoRaCell/MKFilterRawAdvDataCell (1.1.1):
    - CircleProgressBar
    - Masonry
    - MBProgressHUD
    - MJRefresh
    - MKBaseModuleLibrary
    - MKCustomUIModule/View/MKTextField
  - MKCustomUIModule/Cell/LoRaCell/MKLoraDeviceTypeCell (1.1.1):
    - CircleProgressBar
    - Masonry
    - MBProgressHUD
    - MJRefresh
    - MKBaseModuleLibrary
  - MKCustomUIModule/Cell/LoRaCell/MKLoRaSettingCHCell (1.1.1):
    - CircleProgressBar
    - Masonry
    - MBProgressHUD
    - MJRefresh
    - MKBaseModuleLibrary
    - MKCustomUIModule/View/MKPickerView
  - MKCustomUIModule/Cell/LoRaCell/MKMeasureTxPowerCell (1.1.1):
    - CircleProgressBar
    - Masonry
    - MBProgressHUD
    - MJRefresh
    - MKBaseModuleLibrary
    - MKCustomUIModule/UIAdopter
    - MKCustomUIModule/View/MKSlider
  - MKCustomUIModule/Cell/LoRaCell/MKMixedChoiceCell (1.1.1):
    - CircleProgressBar
    - Masonry
    - MBProgressHUD
    - MJRefresh
    - MKBaseModuleLibrary
  - MKCustomUIModule/Cell/LoRaCell/MKRawAdvDataOperationCell (1.1.1):
    - CircleProgressBar
    - Masonry
    - MBProgressHUD
    - MJRefresh
    - MKBaseModuleLibrary
  - MKCustomUIModule/Cell/NormalCell (1.1.1):
    - CircleProgressBar
    - Masonry
    - MBProgressHUD
    - MJRefresh
    - MKBaseModuleLibrary
    - MKCustomUIModule/Cell/NormalCell/MKNormalSliderCell (= 1.1.1)
    - MKCustomUIModule/Cell/NormalCell/MKNormalTextCell (= 1.1.1)
    - MKCustomUIModule/Cell/NormalCell/MKTextButtonCell (= 1.1.1)
    - MKCustomUIModule/Cell/NormalCell/MKTextFieldCell (= 1.1.1)
    - MKCustomUIModule/Cell/NormalCell/MKTextSwitchCell (= 1.1.1)
  - MKCustomUIModule/Cell/NormalCell/MKNormalSliderCell (1.1.1):
    - CircleProgressBar
    - Masonry
    - MBProgressHUD
    - MJRefresh
    - MKBaseModuleLibrary
    - MKCustomUIModule/UIAdopter
    - MKCustomUIModule/View/MKSlider
  - MKCustomUIModule/Cell/NormalCell/MKNormalTextCell (1.1.1):
    - CircleProgressBar
    - Masonry
    - MBProgressHUD
    - MJRefresh
    - MKBaseModuleLibrary
  - MKCustomUIModule/Cell/NormalCell/MKTextButtonCell (1.1.1):
    - CircleProgressBar
    - Masonry
    - MBProgressHUD
    - MJRefresh
    - MKBaseModuleLibrary
    - MKCustomUIModule/View/MKPickerView
  - MKCustomUIModule/Cell/NormalCell/MKTextFieldCell (1.1.1):
    - CircleProgressBar
    - Masonry
    - MBProgressHUD
    - MJRefresh
    - MKBaseModuleLibrary
    - MKCustomUIModule/View/MKTextField
  - MKCustomUIModule/Cell/NormalCell/MKTextSwitchCell (1.1.1):
    - CircleProgressBar
    - Masonry
    - MBProgressHUD
    - MJRefresh
    - MKBaseModuleLibrary
  - MKCustomUIModule/Controller (1.1.1):
    - CircleProgressBar
    - Masonry
    - MBProgressHUD
    - MJRefresh
    - MKBaseModuleLibrary
    - MKCustomUIModule/Controller/MKTrackerAboutPage (= 1.1.1)
    - MKCustomUIModule/Controller/MKTrackerLogPage (= 1.1.1)
  - MKCustomUIModule/Controller/MKTrackerAboutPage (1.1.1):
    - CircleProgressBar
    - Masonry
    - MBProgressHUD
    - MJRefresh
    - MKBaseModuleLibrary
    - MKCustomUIModule/Controller/MKTrackerAboutPage/Controller (= 1.1.1)
  - MKCustomUIModule/Controller/MKTrackerAboutPage/Controller (1.1.1):
    - CircleProgressBar
    - Masonry
    - MBProgressHUD
    - MJRefresh
    - MKBaseModuleLibrary
  - MKCustomUIModule/Controller/MKTrackerLogPage (1.1.1):
    - CircleProgressBar
    - Masonry
    - MBProgressHUD
    - MJRefresh
    - MKBaseModuleLibrary
    - MKCustomUIModule/Controller/MKTrackerLogPage/Controller (= 1.1.1)
  - MKCustomUIModule/Controller/MKTrackerLogPage/Controller (1.1.1):
    - CircleProgressBar
    - Masonry
    - MBProgressHUD
    - MJRefresh
    - MKBaseModuleLibrary
  - MKCustomUIModule/UIAdopter (1.1.1):
    - CircleProgressBar
    - Masonry
    - MBProgressHUD
    - MJRefresh
    - MKBaseModuleLibrary
    - MKCustomUIModule/View
  - MKCustomUIModule/View (1.1.1):
    - CircleProgressBar
    - Masonry
    - MBProgressHUD
    - MJRefresh
    - MKBaseModuleLibrary
    - MKCustomUIModule/View/HaveRefreshView (= 1.1.1)
    - MKCustomUIModule/View/MKHexKeyBoard (= 1.1.1)
    - MKCustomUIModule/View/MKHudManager (= 1.1.1)
    - MKCustomUIModule/View/MKPageControl (= 1.1.1)
    - MKCustomUIModule/View/MKPickerView (= 1.1.1)
    - MKCustomUIModule/View/MKProgressView (= 1.1.1)
    - MKCustomUIModule/View/MKSearchButton (= 1.1.1)
    - MKCustomUIModule/View/MKSearchConditionsView (= 1.1.1)
    - MKCustomUIModule/View/MKSlider (= 1.1.1)
    - MKCustomUIModule/View/MKTableSectionHeader (= 1.1.1)
    - MKCustomUIModule/View/MKTextField (= 1.1.1)
  - MKCustomUIModule/View/HaveRefreshView (1.1.1):
    - CircleProgressBar
    - Masonry
    - MBProgressHUD
    - MJRefresh
    - MKBaseModuleLibrary
  - MKCustomUIModule/View/MKHexKeyBoard (1.1.1):
    - CircleProgressBar
    - Masonry
    - MBProgressHUD
    - MJRefresh
    - MKBaseModuleLibrary
  - MKCustomUIModule/View/MKHudManager (1.1.1):
    - CircleProgressBar
    - Masonry
    - MBProgressHUD
    - MJRefresh
    - MKBaseModuleLibrary
  - MKCustomUIModule/View/MKPageControl (1.1.1):
    - CircleProgressBar
    - Masonry
    - MBProgressHUD
    - MJRefresh
    - MKBaseModuleLibrary
  - MKCustomUIModule/View/MKPickerView (1.1.1):
    - CircleProgressBar
    - Masonry
    - MBProgressHUD
    - MJRefresh
    - MKBaseModuleLibrary
  - MKCustomUIModule/View/MKProgressView (1.1.1):
    - CircleProgressBar
    - Masonry
    - MBProgressHUD
    - MJRefresh
    - MKBaseModuleLibrary
  - MKCustomUIModule/View/MKSearchButton (1.1.1):
    - CircleProgressBar
    - Masonry
    - MBProgressHUD
    - MJRefresh
    - MKBaseModuleLibrary
  - MKCustomUIModule/View/MKSearchConditionsView (1.1.1):
    - CircleProgressBar
    - Masonry
    - MBProgressHUD
    - MJRefresh
    - MKBaseModuleLibrary
    - MKCustomUIModule/View/MKSlider
  - MKCustomUIModule/View/MKSlider (1.1.1):
    - CircleProgressBar
    - Masonry
    - MBProgressHUD
    - MJRefresh
    - MKBaseModuleLibrary
  - MKCustomUIModule/View/MKTableSectionHeader (1.1.1):
    - CircleProgressBar
    - Masonry
    - MBProgressHUD
    - MJRefresh
    - MKBaseModuleLibrary
  - MKCustomUIModule/View/MKTextField (1.1.1):
    - CircleProgressBar
    - Masonry
    - MBProgressHUD
    - MJRefresh
    - MKBaseModuleLibrary
  - MLInputDodger (1.5.2)
  - Toast (4.0.0)
  - ZIPFoundation (0.9.9)

DEPENDENCIES:
  - MKBeaconXPlus (from `../`)

SPEC REPOS:
  https://github.com/CocoaPods/Specs.git:
    - CircleProgressBar
    - Masonry
    - MBProgressHUD
    - MJRefresh
    - MKBaseBleModule
    - MKBaseModuleLibrary
    - MKCustomUIModule
    - MLInputDodger
    - Toast
  trunk:
    - CTMediator
    - HHTransition
    - iOSDFULibrary
    - ZIPFoundation

EXTERNAL SOURCES:
  MKBeaconXPlus:
    :path: "../"

SPEC CHECKSUMS:
  CircleProgressBar: 3920079be5224b62b3d9ed6eeb23ac01c835b681
  CTMediator: 933dba523da87bf875e4a7e8728945fbc512f1d2
  HHTransition: ca5035c126a6a2dc1eb9a90d084013784bf4bf0a
  iOSDFULibrary: 3053cf01eaabec37dc7372fb77ae4a218b577c55
  Masonry: 678fab65091a9290e40e2832a55e7ab731aad201
  MBProgressHUD: 3ee5efcc380f6a79a7cc9b363dd669c5e1ae7406
  MJRefresh: 6afc955813966afb08305477dd7a0d9ad5e79a16
  MKBaseBleModule: 2c18242ab1c5267ed7b4ec2e3521ea4f9750e93e
  MKBaseModuleLibrary: 3f6402005cd7aafb0a1564261b3ba798bd6b8ba9
  MKBeaconXPlus: 6b37849a8018ed06047222ea0fb9d0264a5413d0
  MKCustomUIModule: c8b5e09c540838a720869821019ce7483606e735
  MLInputDodger: 79a0e420a80d0d3bba122bf2639603cc76609ba8
  Toast: 91b396c56ee72a5790816f40d3a94dd357abc196
  ZIPFoundation: 89df685c971926b0323087952320bdfee9f0b6ef

PODFILE CHECKSUM: 8781601b93b5eff7fb155c1c84cafb425e43319c

COCOAPODS: 1.10.0.rc.1
