PODS:
  - CircleProgressBar (0.32)
  - iOSDFULibrary (4.5.1):
    - ZIPFoundation (= 0.9.9)
  - Masonry (1.1.0)
  - MBProgressHUD (1.1.0)
  - MJRefresh (3.2.0)
  - MLInputDodger (1.5.2)
  - mokoLibrary (0.2.5):
    - mokoLibrary/base (= 0.2.5)
    - mokoLibrary/category (= 0.2.5)
    - mokoLibrary/customUI (= 0.2.5)
    - mokoLibrary/macroDefines (= 0.2.5)
    - mokoLibrary/tools (= 0.2.5)
  - mokoLibrary/base (0.2.5):
    - mokoLibrary/base/controller (= 0.2.5)
    - mokoLibrary/base/NavigationController (= 0.2.5)
    - mokoLibrary/base/view (= 0.2.5)
  - mokoLibrary/base/controller (0.2.5):
    - mokoLibrary/base/view/WRNavigationBar
    - mokoLibrary/category
    - mokoLibrary/macroDefines
    - YYKit
  - mokoLibrary/base/NavigationController (0.2.5)
  - mokoLibrary/base/view (0.2.5):
    - mokoLibrary/base/view/collectionView (= 0.2.5)
    - mokoLibrary/base/view/tableView (= 0.2.5)
    - mokoLibrary/base/view/WRNavigationBar (= 0.2.5)
    - mokoLibrary/macroDefines
  - mokoLibrary/base/view/collectionView (0.2.5):
    - mokoLibrary/macroDefines
  - mokoLibrary/base/view/tableView (0.2.5):
    - mokoLibrary/macroDefines
  - mokoLibrary/base/view/WRNavigationBar (0.2.5):
    - mokoLibrary/macroDefines
  - mokoLibrary/category (0.2.5):
    - mokoLibrary/macroDefines
    - Toast
    - YYKit
  - mokoLibrary/customUI (0.2.5):
    - mokoLibrary/customUI/HaveRefreshView (= 0.2.5)
    - mokoLibrary/customUI/MKHexKeyBoard (= 0.2.5)
    - mokoLibrary/customUI/MKHudManager (= 0.2.5)
    - mokoLibrary/customUI/MKPageControl (= 0.2.5)
    - mokoLibrary/customUI/MKProgressView (= 0.2.5)
    - mokoLibrary/customUI/MKTimePicker (= 0.2.5)
    - mokoLibrary/customUI/XDRefresh (= 0.2.5)
  - mokoLibrary/customUI/HaveRefreshView (0.2.5):
    - MJRefresh
  - mokoLibrary/customUI/MKHexKeyBoard (0.2.5):
    - mokoLibrary/category
    - mokoLibrary/macroDefines
    - YYKit
  - mokoLibrary/customUI/MKHudManager (0.2.5):
    - MBProgressHUD
    - mokoLibrary/macroDefines
  - mokoLibrary/customUI/MKPageControl (0.2.5)
  - mokoLibrary/customUI/MKProgressView (0.2.5):
    - CircleProgressBar
    - Masonry
    - mokoLibrary/category
    - mokoLibrary/macroDefines
    - YYKit
  - mokoLibrary/customUI/MKTimePicker (0.2.5):
    - mokoLibrary/category
    - mokoLibrary/macroDefines
    - YYKit
  - mokoLibrary/customUI/XDRefresh (0.2.5)
  - mokoLibrary/macroDefines (0.2.5)
  - mokoLibrary/tools (0.2.5):
    - mokoLibrary/tools/MKAttributedString (= 0.2.5)
    - mokoLibrary/tools/MKDateFormatter (= 0.2.5)
  - mokoLibrary/tools/MKAttributedString (0.2.5)
  - mokoLibrary/tools/MKDateFormatter (0.2.5)
  - Toast (4.0.0)
  - YYKit (1.0.9):
    - YYKit/no-arc (= 1.0.9)
  - YYKit/no-arc (1.0.9)
  - ZIPFoundation (0.9.9)

DEPENDENCIES:
  - iOSDFULibrary
  - MLInputDodger
  - mokoLibrary

SPEC REPOS:
  https://github.com/cocoapods/specs.git:
    - CircleProgressBar
    - iOSDFULibrary
    - Masonry
    - MBProgressHUD
    - MJRefresh
    - MLInputDodger
    - mokoLibrary
    - Toast
    - YYKit
    - ZIPFoundation

SPEC CHECKSUMS:
  CircleProgressBar: 3920079be5224b62b3d9ed6eeb23ac01c835b681
  iOSDFULibrary: 87c6a088cf7172e3694dfaa8305e7ded5eda2547
  Masonry: 678fab65091a9290e40e2832a55e7ab731aad201
  MBProgressHUD: e7baa36a220447d8aeb12769bf0585582f3866d9
  MJRefresh: ed450d6eb9d3346a2cb033ab7eb6de090aeef437
  MLInputDodger: 79a0e420a80d0d3bba122bf2639603cc76609ba8
  mokoLibrary: 9cbea490725a19ca346e9cabf2a00ef7e4f779f8
  Toast: 91b396c56ee72a5790816f40d3a94dd357abc196
  YYKit: 7cda43304a8dc3696c449041e2cb3107b4e236e7
  ZIPFoundation: 89df685c971926b0323087952320bdfee9f0b6ef

PODFILE CHECKSUM: 8d30a77a0464761ac3a65b4288e2bd8535840a03

COCOAPODS: 1.7.5
